
Microsoft Visual Studio Solution File, Format Version 12.00
# Visual Studio Version 17
VisualStudioVersion = 17.7.34031.279
MinimumVisualStudioVersion = 10.0.40219.1
Project("{FAE04EC0-301F-11D3-BF4B-00C04F79EFBC}") = "string and character manipulation", "string and character manipulation.csproj", "{D348E518-D3C5-44BF-8332-1310688BC9C5}"
EndProject
Global
	GlobalSection(SolutionConfigurationPlatforms) = preSolution
		Debug|Any CPU = Debug|Any CPU
		Release|Any CPU = Release|Any CPU
	EndGlobalSection
	GlobalSection(ProjectConfigurationPlatforms) = postSolution
		{D348E518-D3C5-44BF-8332-1310688BC9C5}.Debug|Any CPU.ActiveCfg = Debug|Any CPU
		{D348E518-D3C5-44BF-8332-1310688BC9C5}.Debug|Any CPU.Build.0 = Debug|Any CPU
		{D348E518-D3C5-44BF-8332-1310688BC9C5}.Release|Any CPU.ActiveCfg = Release|Any CPU
		{D348E518-D3C5-44BF-8332-1310688BC9C5}.Release|Any CPU.Build.0 = Release|Any CPU
	EndGlobalSection
	GlobalSection(SolutionProperties) = preSolution
		HideSolutionNode = FALSE
	EndGlobalSection
	GlobalSection(ExtensibilityGlobals) = postSolution
		SolutionGuid = {D63F83BB-40A9-4C37-A75A-15C2E8619BB9}
	EndGlobalSection
EndGlobal
